schema: '2.0'
stages:
  load_data:
    cmd: python src/load_data.py --config=params.yaml
    deps:
    - path: original dataset/Microsoft_Stock.csv
      hash: md5
      md5: 11a95aeb0c823921330893d30f876417
      size: 81704
    - path: src/get_data.py
      hash: md5
      md5: e8c1f046df5646a283b065b20ad7320f
      size: 626
    - path: src/load_data.py
      hash: md5
      md5: 37d195a579db82e1dc8f36b439a7b1c0
      size: 560
    outs:
    - path: data/raw/Microsoft_Stock.csv
      hash: md5
      md5: ace6dc34fc234cf888a2d4c898928679
      size: 81994
  split_data:
    cmd: python src/split_data.py --config=params.yaml
    deps:
    - path: data/raw/Microsoft_Stock.csv
      hash: md5
      md5: ace6dc34fc234cf888a2d4c898928679
      size: 81994
    - path: src/get_data.py
      hash: md5
      md5: e8c1f046df5646a283b065b20ad7320f
      size: 626
    - path: src/split_data.py
      hash: md5
      md5: dd54fe5a611fb30a68c80356931be7f6
      size: 1000
    outs:
    - path: data/processed/test_Microsoft_Stock.csv
      hash: md5
      md5: 212874ca1c77e834aa39f8e5f171bbf8
      size: 17075
    - path: data/processed/train_Microsoft_Stock.csv
      hash: md5
      md5: 1dbaea6d6f73af4350daa354dba17374
      size: 64952
  train_and_evaluate:
    cmd: python src/train_and_evaluate.py --config=params.yaml
    deps:
    - path: data/processed/test_Microsoft_Stock.csv
      hash: md5
      md5: 212874ca1c77e834aa39f8e5f171bbf8
      size: 17075
    - path: data/processed/train_Microsoft_Stock.csv
      hash: md5
      md5: 1dbaea6d6f73af4350daa354dba17374
      size: 64952
    - path: src/train_and_evaluate.py
      hash: md5
      md5: 9e0ddf440c37d6eaf14170eed73de6aa
      size: 2419
    outs:
    - path: report/params.json
      hash: md5
      md5: c86216440db2c6e41f4b6b4f0df47a30
      size: 44
    - path: report/scores.json
      hash: md5
      md5: 85e1cf528c818441c2147054ceac336a
      size: 97
    - path: saved_model/model.joblib
      hash: md5
      md5: 0bd0ba0ff0a9e4d369272d11487eeb17
      size: 663
